{
  "version": 4,
  "terraform_version": "1.14.6",
  "serial": 1,
  "lineage": "57a7c9ce-c10c-e2ef-9ad6-4075ca2a4f39",
  "outputs": {},
  "resources": [
    {
      "module": "module.module_azurerm_resource_group",
      "mode": "managed",
      "type": "azurerm_resource_group",
      "name": "block_resource_group",
      "provider": "provider[\"registry.terraform.io/hashicorp/azurerm\"]",
      "instances": [
        {
          "index_key": "rg_detail_1",
          "schema_version": 0,
          "attributes": {
            "id": "/subscriptions/4aa4d2ba-12df-4108-bf78-9a4446c9cef4/resourceGroups/RG_SKG",
            "location": "westus",
            "managed_by": "",
            "name": "RG_SKG",
            "tags": null,
            "timeouts": null
          },
          "sensitive_attributes": [],
          "identity_schema_version": 0,
          "identity": {
            "name": "RG_SKG",
            "subscription_id": "4aa4d2ba-12df-4108-bf78-9a4446c9cef4"
          },
          "private": "eyJlMmJmYjczMC1lY2FhLTExZTYtOGY4OC0zNDM2M2JjN2M0YzAiOnsiY3JlYXRlIjo1NDAwMDAwMDAwMDAwLCJkZWxldGUiOjU0MDAwMDAwMDAwMDAsInJlYWQiOjMwMDAwMDAwMDAwMCwidXBkYXRlIjo1NDAwMDAwMDAwMDAwfX0="
        }
      ]
    }
  ],
  "check_results": null
}
